
Microsoft Visual Studio Solution File, Format Version 12.00
# Visual Studio Version 16
VisualStudioVersion = 16.0.30011.22
MinimumVisualStudioVersion = 10.0.40219.1
Project("{FAE04EC0-301F-11D3-BF4B-00C04F79EFBC}") = "RCTrans", "RCTrans\RCTrans.csproj", "{5777052C-C3D0-4519-B44C-E55794DE88D9}"
EndProject
Global
	GlobalSection(SolutionConfigurationPlatforms) = preSolution
		Debug|Any CPU = Debug|Any CPU
		Release|Any CPU = Release|Any CPU
	EndGlobalSection
	GlobalSection(ProjectConfigurationPlatforms) = postSolution
		{5777052C-C3D0-4519-B44C-E55794DE88D9}.Debug|Any CPU.ActiveCfg = Debug|Any CPU
		{5777052C-C3D0-4519-B44C-E55794DE88D9}.Debug|Any CPU.Build.0 = Debug|Any CPU
		{5777052C-C3D0-4519-B44C-E55794DE88D9}.Release|Any CPU.ActiveCfg = Release|Any CPU
		{5777052C-C3D0-4519-B44C-E55794DE88D9}.Release|Any CPU.Build.0 = Release|Any CPU
	EndGlobalSection
	GlobalSection(SolutionProperties) = preSolution
		HideSolutionNode = FALSE
	EndGlobalSection
	GlobalSection(ExtensibilityGlobals) = postSolution
		SolutionGuid = {876DA93B-01C3-451C-8A2C-436FE4781B20}
	EndGlobalSection
EndGlobal
